
Microsoft Visual Studio Solution File, Format Version 12.00
Project("{FAE04EC0-301F-11D3-BF4B-00C04F79EFBC}") = "Pointers", "Pointers\Pointers.csproj", "{7475C488-D3EC-4432-AC8D-2CE1CAA63A96}"
EndProject
Project("{FAE04EC0-301F-11D3-BF4B-00C04F79EFBC}") = "Lists", "Lists\Lists.csproj", "{339635E5-A765-47F1-8D18-0CE86231B4BD}"
EndProject
Project("{FAE04EC0-301F-11D3-BF4B-00C04F79EFBC}") = "Hashtables", "Hashtables\Hashtables.csproj", "{89A8E0D0-1767-448F-92DD-D6778808C9A8}"
EndProject
Project("{FAE04EC0-301F-11D3-BF4B-00C04F79EFBC}") = "Sierpinski", "Sierpinski\Sierpinski.csproj", "{A013863F-3CC9-4301-847B-1F0893838EE3}"
EndProject
Global
	GlobalSection(SolutionConfigurationPlatforms) = preSolution
		Debug|Any CPU = Debug|Any CPU
		Release|Any CPU = Release|Any CPU
	EndGlobalSection
	GlobalSection(ProjectConfigurationPlatforms) = postSolution
		{7475C488-D3EC-4432-AC8D-2CE1CAA63A96}.Debug|Any CPU.ActiveCfg = Debug|Any CPU
		{7475C488-D3EC-4432-AC8D-2CE1CAA63A96}.Debug|Any CPU.Build.0 = Debug|Any CPU
		{7475C488-D3EC-4432-AC8D-2CE1CAA63A96}.Release|Any CPU.ActiveCfg = Release|Any CPU
		{7475C488-D3EC-4432-AC8D-2CE1CAA63A96}.Release|Any CPU.Build.0 = Release|Any CPU
		{339635E5-A765-47F1-8D18-0CE86231B4BD}.Debug|Any CPU.ActiveCfg = Debug|Any CPU
		{339635E5-A765-47F1-8D18-0CE86231B4BD}.Debug|Any CPU.Build.0 = Debug|Any CPU
		{339635E5-A765-47F1-8D18-0CE86231B4BD}.Release|Any CPU.ActiveCfg = Release|Any CPU
		{339635E5-A765-47F1-8D18-0CE86231B4BD}.Release|Any CPU.Build.0 = Release|Any CPU
		{89A8E0D0-1767-448F-92DD-D6778808C9A8}.Debug|Any CPU.ActiveCfg = Debug|Any CPU
		{89A8E0D0-1767-448F-92DD-D6778808C9A8}.Debug|Any CPU.Build.0 = Debug|Any CPU
		{89A8E0D0-1767-448F-92DD-D6778808C9A8}.Release|Any CPU.ActiveCfg = Release|Any CPU
		{89A8E0D0-1767-448F-92DD-D6778808C9A8}.Release|Any CPU.Build.0 = Release|Any CPU
		{A013863F-3CC9-4301-847B-1F0893838EE3}.Debug|Any CPU.ActiveCfg = Debug|Any CPU
		{A013863F-3CC9-4301-847B-1F0893838EE3}.Debug|Any CPU.Build.0 = Debug|Any CPU
		{A013863F-3CC9-4301-847B-1F0893838EE3}.Release|Any CPU.ActiveCfg = Release|Any CPU
		{A013863F-3CC9-4301-847B-1F0893838EE3}.Release|Any CPU.Build.0 = Release|Any CPU
	EndGlobalSection
EndGlobal
